// !$*UTF8*$!
{
	archiveVersion = 1;
	classes = {
	};
	objectVersion = 46;
	objects = {

/* Begin PBXBuildFile section */
		6532A8A41DA7E1840084D8B9 /* AppDelegate.swift in Sources */ = {isa = PBXBuildFile; fileRef = 6532A8A31DA7E1840084D8B9 /* AppDelegate.swift */; };
		6532A8A61DA7E1840084D8B9 /* ViewController.swift in Sources */ = {isa = PBXBuildFile; fileRef = 6532A8A51DA7E1840084D8B9 /* ViewController.swift */; };
		6532A8A91DA7E1840084D8B9 /* Main.storyboard in Resources */ = {isa = PBXBuildFile; fileRef = 6532A8A71DA7E1840084D8B9 /* Main.storyboard */; };
		6532A8AB1DA7E1840084D8B9 /* Assets.xcassets in Resources */ = {isa = PBXBuildFile; fileRef = 6532A8AA1DA7E1840084D8B9 /* Assets.xcassets */; };
		6532A8AE1DA7E1840084D8B9 /* LaunchScreen.storyboard in Resources */ = {isa = PBXBuildFile; fileRef = 6532A8AC1DA7E1840084D8B9 /* LaunchScreen.storyboard */; };
		6532A8B91DA7E1840084D8B9 /* TimesTablesTests.swift in Sources */ = {isa = PBXBuildFile; fileRef = 6532A8B81DA7E1840084D8B9 /* TimesTablesTests.swift */; };
/* End PBXBuildFile section */

/* Begin PBXContainerItemProxy section */
		6532A8B51DA7E1840084D8B9 /* PBXContainerItemProxy */ = {
			isa = PBXContainerItemProxy;
			containerPortal = 6532A8981DA7E1840084D8B9 /* Project object */;
			proxyType = 1;
			remoteGlobalIDString = 6532A89F1DA7E1840084D8B9;
			remoteInfo = TimesTables;
		};
/* End PBXContainerItemProxy section */

/* Begin PBXFileReference section */
		6532A8A01DA7E1840084D8B9 /* TimesTables.app */ = {isa = PBXFileReference; explicitFileType = wrapper.application; includeInIndex = 0; path = TimesTables.app; sourceTree = BUILT_PRODUCTS_DIR; };
		6532A8A31DA7E1840084D8B9 /* AppDelegate.swift */ = {isa = PBXFileReference; lastKnownFileType = sourcecode.swift; path = AppDelegate.swift; sourceTree = "<group>"; };
		6532A8A51DA7E1840084D8B9 /* ViewController.swift */ = {isa = PBXFileReference; lastKnownFileType = sourcecode.swift; path = ViewController.swift; sourceTree = "<group>"; };
		6532A8A81DA7E1840084D8B9 /* Base */ = {isa = PBXFileReference; lastKnownFileType = file.storyboard; name = Base; path = Base.lproj/Main.storyboard; sourceTree = "<group>"; };
		6532A8AA1DA7E1840084D8B9 /* Assets.xcassets */ = {isa = PBXFileReference; lastKnownFileType = folder.assetcatalog; path = Assets.xcassets; sourceTree = "<group>"; };
		6532A8AD1DA7E1840084D8B9 /* Base */ = {isa = PBXFileReference; lastKnownFileType = file.storyboard; name = Base; path = Base.lproj/LaunchScreen.storyboard; sourceTree = "<group>"; };
		6532A8AF1DA7E1840084D8B9 /* Info.plist */ = {isa = PBXFileReference; lastKnownFileType = text.plist.xml; path = Info.plist; sourceTree = "<group>"; };
		6532A8B41DA7E1840084D8B9 /* TimesTablesTests.xctest */ = {isa = PBXFileReference; explicitFileType = wrapper.cfbundle; includeInIndex = 0; path = TimesTablesTests.xctest; sourceTree = BUILT_PRODUCTS_DIR; };
		6532A8B81DA7E1840084D8B9 /* TimesTablesTests.swift */ = {isa = PBXFileReference; lastKnownFileType = sourcecode.swift; path = TimesTablesTests.swift; sourceTree = "<group>"; };
		6532A8BA1DA7E1840084D8B9 /* Info.plist */ = {isa = PBXFileReference; lastKnownFileType = text.plist.xml; path = Info.plist; sourceTree = "<group>"; };
/* End PBXFileReference section */

/* Begin PBXFrameworksBuildPhase section */
		6532A89D1DA7E1840084D8B9 /* Frameworks */ = {
			isa = PBXFrameworksBuildPhase;
			buildActionMask = 2147483647;
			files = (
			);
			runOnlyForDeploymentPostprocessing = 0;
		};
		6532A8B11DA7E1840084D8B9 /* Frameworks */ = {
			isa = PBXFrameworksBuildPhase;
			buildActionMask = 2147483647;
			files = (
			);
			runOnlyForDeploymentPostprocessing = 0;
		};
/* End PBXFrameworksBuildPhase section */

/* Begin PBXGroup section */
		6532A8971DA7E1840084D8B9 = {
			isa = PBXGroup;
			children = (
				6532A8A21DA7E1840084D8B9 /* TimesTables */,
				6532A8B71DA7E1840084D8B9 /* TimesTablesTests */,
				6532A8A11DA7E1840084D8B9 /* Products */,
			);
			sourceTree = "<group>";
		};
		6532A8A11DA7E1840084D8B9 /* Products */ = {
			isa = PBXGroup;
			children = (
				6532A8A01DA7E1840084D8B9 /* TimesTables.app */,
				6532A8B41DA7E1840084D8B9 /* TimesTablesTests.xctest */,
			);
			name = Products;
			sourceTree = "<group>";
		};
		6532A8A21DA7E1840084D8B9 /* TimesTables */ = {
			isa = PBXGroup;
			children = (
				6532A8A31DA7E1840084D8B9 /* AppDelegate.swift */,
				6532A8A51DA7E1840084D8B9 /* ViewController.swift */,
				6532A8A71DA7E1840084D8B9 /* Main.storyboard */,
				6532A8AA1DA7E1840084D8B9 /* Assets.xcassets */,
				6532A8AC1DA7E1840084D8B9 /* LaunchScreen.storyboard */,
				6532A8AF1DA7E1840084D8B9 /* Info.plist */,
			);
			path = TimesTables;
			sourceTree = "<group>";
		};
		6532A8B71DA7E1840084D8B9 /* TimesTablesTests */ = {
			isa = PBXGroup;
			children = (
				6532A8B81DA7E1840084D8B9 /* TimesTablesTests.swift */,
				6532A8BA1DA7E1840084D8B9 /* Info.plist */,
			);
			path = TimesTablesTests;
			sourceTree = "<group>";
		};
/* End PBXGroup section */

/* Begin PBXNativeTarget section */
		6532A89F1DA7E1840084D8B9 /* TimesTables */ = {
			isa = PBXNativeTarget;
			buildConfigurationList = 6532A8BD1DA7E1840084D8B9 /* Build configuration list for PBXNativeTarget "TimesTables" */;
			buildPhases = (
				6532A89C1DA7E1840084D8B9 /* Sources */,
				6532A89D1DA7E1840084D8B9 /* Frameworks */,
				6532A89E1DA7E1840084D8B9 /* Resources */,
			);
			buildRules = (
			);
			dependencies = (
			);
			name = TimesTables;
			productName = TimesTables;
			productReference = 6532A8A01DA7E1840084D8B9 /* TimesTables.app */;
			productType = "com.apple.product-type.application";
		};
		6532A8B31DA7E1840084D8B9 /* TimesTablesTests */ = {
			isa = PBXNativeTarget;
			buildConfigurationList = 6532A8C01DA7E1840084D8B9 /* Build configuration list for PBXNativeTarget "TimesTablesTests" */;
			buildPhases = (
				6532A8B01DA7E1840084D8B9 /* Sources */,
				6532A8B11DA7E1840084D8B9 /* Frameworks */,
				6532A8B21DA7E1840084D8B9 /* Resources */,
			);
			buildRules = (
			);
			dependencies = (
				6532A8B61DA7E1840084D8B9 /* PBXTargetDependency */,
			);
			name = TimesTablesTests;
			productName = TimesTablesTests;
			productReference = 6532A8B41DA7E1840084D8B9 /* TimesTablesTests.xctest */;
			productType = "com.apple.product-type.bundle.unit-test";
		};
/* End PBXNativeTarget section */

/* Begin PBXProject section */
		6532A8981DA7E1840084D8B9 /* Project object */ = {
			isa = PBXProject;
			attributes = {
				LastSwiftUpdateCheck = 0800;
				LastUpgradeCheck = 0800;
				ORGANIZATIONNAME = "Katherine Owens";
				TargetAttributes = {
					6532A89F1DA7E1840084D8B9 = {
						CreatedOnToolsVersion = 8.0;
						ProvisioningStyle = Automatic;
					};
					6532A8B31DA7E1840084D8B9 = {
						CreatedOnToolsVersion = 8.0;
						ProvisioningStyle = Automatic;
						TestTargetID = 6532A89F1DA7E1840084D8B9;
					};
				};
			};
			buildConfigurationList = 6532A89B1DA7E1840084D8B9 /* Build configuration list for PBXProject "TimesTables" */;
			compatibilityVersion = "Xcode 3.2";
			developmentRegion = English;
			hasScannedForEncodings = 0;
			knownRegions = (
				en,
				Base,
			);
			mainGroup = 6532A8971DA7E1840084D8B9;
			productRefGroup = 6532A8A11DA7E1840084D8B9 /* Products */;
			projectDirPath = "";
			projectRoot = "";
			targets = (
				6532A89F1DA7E1840084D8B9 /* TimesTables */,
				6532A8B31DA7E1840084D8B9 /* TimesTablesTests */,
			);
		};
/* End PBXProject section */

/* Begin PBXResourcesBuildPhase section */
		6532A89E1DA7E1840084D8B9 /* Resources */ = {
			isa = PBXResourcesBuildPhase;
			buildActionMask = 2147483647;
			files = (
				6532A8AE1DA7E1840084D8B9 /* LaunchScreen.storyboard in Resources */,
				6532A8AB1DA7E1840084D8B9 /* Assets.xcassets in Resources */,
				6532A8A91DA7E1840084D8B9 /* Main.storyboard in Resources */,
			);
			runOnlyForDeploymentPostprocessing = 0;
		};
		6532A8B21DA7E1840084D8B9 /* Resources */ = {
			isa = PBXResourcesBuildPhase;
			buildActionMask = 2147483647;
			files = (
			);
			runOnlyForDeploymentPostprocessing = 0;
		};
/* End PBXResourcesBuildPhase section */

/* Begin PBXSourcesBuildPhase section */
		6532A89C1DA7E1840084D8B9 /* Sources */ = {
			isa = PBXSourcesBuildPhase;
			buildActionMask = 2147483647;
			files = (
				6532A8A61DA7E1840084D8B9 /* ViewController.swift in Sources */,
				6532A8A41DA7E1840084D8B9 /* AppDelegate.swift in Sources */,
			);
			runOnlyForDeploymentPostprocessing = 0;
		};
		6532A8B01DA7E1840084D8B9 /* Sources */ = {
			isa = PBXSourcesBuildPhase;
			buildActionMask = 2147483647;
			files = (
				6532A8B91DA7E1840084D8B9 /* TimesTablesTests.swift in Sources */,
			);
			runOnlyForDeploymentPostprocessing = 0;
		};
/* End PBXSourcesBuildPhase section */

/* Begin PBXTargetDependency section */
		6532A8B61DA7E1840084D8B9 /* PBXTargetDependency */ = {
			isa = PBXTargetDependency;
			target = 6532A89F1DA7E1840084D8B9 /* TimesTables */;
			targetProxy = 6532A8B51DA7E1840084D8B9 /* PBXContainerItemProxy */;
		};
/* End PBXTargetDependency section */

/* Begin PBXVariantGroup section */
		6532A8A71DA7E1840084D8B9 /* Main.storyboard */ = {
			isa = PBXVariantGroup;
			children = (
				6532A8A81DA7E1840084D8B9 /* Base */,
			);
			name = Main.storyboard;
			sourceTree = "<group>";
		};
		6532A8AC1DA7E1840084D8B9 /* LaunchScreen.storyboard */ = {
			isa = PBXVariantGroup;
			children = (
				6532A8AD1DA7E1840084D8B9 /* Base */,
			);
			name = LaunchScreen.storyboard;
			sourceTree = "<group>";
		};
/* End PBXVariantGroup section */

/* Begin XCBuildConfiguration section */
		6532A8BB1DA7E1840084D8B9 /* Debug */ = {
			isa = XCBuildConfiguration;
			buildSettings = {
				ALWAYS_SEARCH_USER_PATHS = NO;
				CLANG_ANALYZER_NONNULL = YES;
				CLANG_CXX_LANGUAGE_STANDARD = "gnu++0x";
				CLANG_CXX_LIBRARY = "libc++";
				CLANG_ENABLE_MODULES = YES;
				CLANG_ENABLE_OBJC_ARC = YES;
				CLANG_WARN_BOOL_CONVERSION = YES;
				CLANG_WARN_CONSTANT_CONVERSION = YES;
				CLANG_WARN_DIRECT_OBJC_ISA_USAGE = YES_ERROR;
				CLANG_WARN_DOCUMENTATION_COMMENTS = YES;
				CLANG_WARN_EMPTY_BODY = YES;
				CLANG_WARN_ENUM_CONVERSION = YES;
				CLANG_WARN_INFINITE_RECURSION = YES;
				CLANG_WARN_INT_CONVERSION = YES;
				CLANG_WARN_OBJC_ROOT_CLASS = YES_ERROR;
				CLANG_WARN_SUSPICIOUS_MOVES = YES;
				CLANG_WARN_UNREACHABLE_CODE = YES;
				CLANG_WARN__DUPLICATE_METHOD_MATCH = YES;
				"CODE_SIGN_IDENTITY[sdk=iphoneos*]" = "iPhone Developer";
				COPY_PHASE_STRIP = NO;
				DEBUG_INFORMATION_FORMAT = dwarf;
				ENABLE_STRICT_OBJC_MSGSEND = YES;
				ENABLE_TESTABILITY = YES;
				GCC_C_LANGUAGE_STANDARD = gnu99;
				GCC_DYNAMIC_NO_PIC = NO;
				GCC_NO_COMMON_BLOCKS = YES;
				GCC_OPTIMIZATION_LEVEL = 0;
				GCC_PREPROCESSOR_DEFINITIONS = (
					"DEBUG=1",
					"$(inherited)",
				);
				GCC_WARN_64_TO_32_BIT_CONVERSION = YES;
				GCC_WARN_ABOUT_RETURN_TYPE = YES_ERROR;
				GCC_WARN_UNDECLARED_SELECTOR = YES;
				GCC_WARN_UNINITIALIZED_AUTOS = YES_AGGRESSIVE;
				GCC_WARN_UNUSED_FUNCTION = YES;
				GCC_WARN_UNUSED_VARIABLE = YES;
				IPHONEOS_DEPLOYMENT_TARGET = 10.0;
				MTL_ENABLE_DEBUG_INFO = YES;
				ONLY_ACTIVE_ARCH = YES;
				SDKROOT = iphoneos;
				SWIFT_ACTIVE_COMPILATION_CONDITIONS = DEBUG;
				SWIFT_OPTIMIZATION_LEVEL = "-Onone";
				TARGETED_DEVICE_FAMILY = "1,2";
			};
			name = Debug;
		};
		6532A8BC1DA7E1840084D8B9 /* Release */ = {
			isa = XCBuildConfiguration;
			buildSettings = {
				ALWAYS_SEARCH_USER_PATHS = NO;
				CLANG_ANALYZER_NONNULL = YES;
				CLANG_CXX_LANGUAGE_STANDARD = "gnu++0x";
				CLANG_CXX_LIBRARY = "libc++";
				CLANG_ENABLE_MODULES = YES;
				CLANG_ENABLE_OBJC_ARC = YES;
				CLANG_WARN_BOOL_CONVERSION = YES;
				CLANG_WARN_CONSTANT_CONVERSION = YES;
				CLANG_WARN_DIRECT_OBJC_ISA_USAGE = YES_ERROR;
				CLANG_WARN_DOCUMENTATION_COMMENTS = YES;
				CLANG_WARN_EMPTY_BODY = YES;
				CLANG_WARN_ENUM_CONVERSION = YES;
				CLANG_WARN_INFINITE_RECURSION = YES;
				CLANG_WARN_INT_CONVERSION = YES;
				CLANG_WARN_OBJC_ROOT_CLASS = YES_ERROR;
				CLANG_WARN_SUSPICIOUS_MOVES = YES;
				CLANG_WARN_UNREACHABLE_CODE = YES;
				CLANG_WARN__DUPLICATE_METHOD_MATCH = YES;
				"CODE_SIGN_IDENTITY[sdk=iphoneos*]" = "iPhone Developer";
				COPY_PHASE_STRIP = NO;
				DEBUG_INFORMATION_FORMAT = "dwarf-with-dsym";
				ENABLE_NS_ASSERTIONS = NO;
				ENABLE_STRICT_OBJC_MSGSEND = YES;
				GCC_C_LANGUAGE_STANDARD = gnu99;
				GCC_NO_COMMON_BLOCKS = YES;
				GCC_WARN_64_TO_32_BIT_CONVERSION = YES;
				GCC_WARN_ABOUT_RETURN_TYPE = YES_ERROR;
				GCC_WARN_UNDECLARED_SELECTOR = YES;
				GCC_WARN_UNINITIALIZED_AUTOS = YES_AGGRESSIVE;
				GCC_WARN_UNUSED_FUNCTION = YES;
				GCC_WARN_UNUSED_VARIABLE = YES;
				IPHONEOS_DEPLOYMENT_TARGET = 10.0;
				MTL_ENABLE_DEBUG_INFO = NO;
				SDKROOT = iphoneos;
				SWIFT_OPTIMIZATION_LEVEL = "-Owholemodule";
				TARGETED_DEVICE_FAMILY = "1,2";
				VALIDATE_PRODUCT = YES;
			};
			name = Release;
		};
		6532A8BE1DA7E1840084D8B9 /* Debug */ = {
			isa = XCBuildConfiguration;
			buildSettings = {
				ASSETCATALOG_COMPILER_APPICON_NAME = AppIcon;
				INFOPLIST_FILE = TimesTables/Info.plist;
				LD_RUNPATH_SEARCH_PATHS = "$(inherited) @executable_path/Frameworks";
				PRODUCT_BUNDLE_IDENTIFIER = com.kateowens.TimesTables;
				PRODUCT_NAME = "$(TARGET_NAME)";
				SWIFT_VERSION = 3.0;
			};
			name = Debug;
		};
		6532A8BF1DA7E1840084D8B9 /* Release */ = {
			isa = XCBuildConfiguration;
			buildSettings = {
				ASSETCATALOG_COMPILER_APPICON_NAME = AppIcon;
				INFOPLIST_FILE = TimesTables/Info.plist;
				LD_RUNPATH_SEARCH_PATHS = "$(inherited) @executable_path/Frameworks";
				PRODUCT_BUNDLE_IDENTIFIER = com.kateowens.TimesTables;
				PRODUCT_NAME = "$(TARGET_NAME)";
				SWIFT_VERSION = 3.0;
			};
			name = Release;
		};
		6532A8C11DA7E1840084D8B9 /* Debug */ = {
			isa = XCBuildConfiguration;
			buildSettings = {
				ALWAYS_EMBED_SWIFT_STANDARD_LIBRARIES = YES;
				BUNDLE_LOADER = "$(TEST_HOST)";
				INFOPLIST_FILE = TimesTablesTests/Info.plist;
				LD_RUNPATH_SEARCH_PATHS = "$(inherited) @executable_path/Frameworks @loader_path/Frameworks";
				PRODUCT_BUNDLE_IDENTIFIER = com.kateowens.TimesTablesTests;
				PRODUCT_NAME = "$(TARGET_NAME)";
				SWIFT_VERSION = 3.0;
				TEST_HOST = "$(BUILT_PRODUCTS_DIR)/TimesTables.app/TimesTables";
			};
			name = Debug;
		};
		6532A8C21DA7E1840084D8B9 /* Release */ = {
			isa = XCBuildConfiguration;
			buildSettings = {
				ALWAYS_EMBED_SWIFT_STANDARD_LIBRARIES = YES;
				BUNDLE_LOADER = "$(TEST_HOST)";
				INFOPLIST_FILE = TimesTablesTests/Info.plist;
				LD_RUNPATH_SEARCH_PATHS = "$(inherited) @executable_path/Frameworks @loader_path/Frameworks";
				PRODUCT_BUNDLE_IDENTIFIER = com.kateowens.TimesTablesTests;
				PRODUCT_NAME = "$(TARGET_NAME)";
				SWIFT_VERSION = 3.0;
				TEST_HOST = "$(BUILT_PRODUCTS_DIR)/TimesTables.app/TimesTables";
			};
			name = Release;
		};
/* End XCBuildConfiguration section */

/* Begin XCConfigurationList section */
		6532A89B1DA7E1840084D8B9 /* Build configuration list for PBXProject "TimesTables" */ = {
			isa = XCConfigurationList;
			buildConfigurations = (
				6532A8BB1DA7E1840084D8B9 /* Debug */,
				6532A8BC1DA7E1840084D8B9 /* Release */,
			);
			defaultConfigurationIsVisible = 0;
			defaultConfigurationName = Release;
		};
		6532A8BD1DA7E1840084D8B9 /* Build configuration list for PBXNativeTarget "TimesTables" */ = {
			isa = XCConfigurationList;
			buildConfigurations = (
				6532A8BE1DA7E1840084D8B9 /* Debug */,
				6532A8BF1DA7E1840084D8B9 /* Release */,
			);
			defaultConfigurationIsVisible = 0;
		};
		6532A8C01DA7E1840084D8B9 /* Build configuration list for PBXNativeTarget "TimesTablesTests" */ = {
			isa = XCConfigurationList;
			buildConfigurations = (
				6532A8C11DA7E1840084D8B9 /* Debug */,
				6532A8C21DA7E1840084D8B9 /* Release */,
			);
			defaultConfigurationIsVisible = 0;
		};
/* End XCConfigurationList section */
	};
	rootObject = 6532A8981DA7E1840084D8B9 /* Project object */;
}
